
Microsoft Visual Studio Solution File, Format Version 12.00
# Visual Studio Version 17
VisualStudioVersion = 17.5.33530.505
MinimumVisualStudioVersion = 10.0.40219.1
Project("{8BC9CEB8-8B4A-11D0-8D11-00A0C91BC942}") = "Getting started", "00 Getting started\Getting started.vcxproj", "{8EABD673-ED14-4724-A3C1-E1DEBD2C52A8}"
EndProject
Project("{8BC9CEB8-8B4A-11D0-8D11-00A0C91BC942}") = "Lighting", "01 Lighting\Lighting.vcxproj", "{6B29C299-9E3F-4E16-AD75-20C0ADA9B18A}"
EndProject
Project("{8BC9CEB8-8B4A-11D0-8D11-00A0C91BC942}") = "Model loading", "02 Model loading\Model loading.vcxproj", "{80B064F6-5849-41FC-98ED-7B8746A3A35D}"
EndProject
Global
	GlobalSection(SolutionConfigurationPlatforms) = preSolution
		Debug|x64 = Debug|x64
		Debug|x86 = Debug|x86
		Release|x64 = Release|x64
		Release|x86 = Release|x86
	EndGlobalSection
	GlobalSection(ProjectConfigurationPlatforms) = postSolution
		{8EABD673-ED14-4724-A3C1-E1DEBD2C52A8}.Debug|x64.ActiveCfg = Debug|x64
		{8EABD673-ED14-4724-A3C1-E1DEBD2C52A8}.Debug|x64.Build.0 = Debug|x64
		{8EABD673-ED14-4724-A3C1-E1DEBD2C52A8}.Debug|x86.ActiveCfg = Debug|Win32
		{8EABD673-ED14-4724-A3C1-E1DEBD2C52A8}.Debug|x86.Build.0 = Debug|Win32
		{8EABD673-ED14-4724-A3C1-E1DEBD2C52A8}.Release|x64.ActiveCfg = Release|x64
		{8EABD673-ED14-4724-A3C1-E1DEBD2C52A8}.Release|x64.Build.0 = Release|x64
		{8EABD673-ED14-4724-A3C1-E1DEBD2C52A8}.Release|x86.ActiveCfg = Release|Win32
		{8EABD673-ED14-4724-A3C1-E1DEBD2C52A8}.Release|x86.Build.0 = Release|Win32
		{6B29C299-9E3F-4E16-AD75-20C0ADA9B18A}.Debug|x64.ActiveCfg = Debug|x64
		{6B29C299-9E3F-4E16-AD75-20C0ADA9B18A}.Debug|x64.Build.0 = Debug|x64
		{6B29C299-9E3F-4E16-AD75-20C0ADA9B18A}.Debug|x86.ActiveCfg = Debug|Win32
		{6B29C299-9E3F-4E16-AD75-20C0ADA9B18A}.Debug|x86.Build.0 = Debug|Win32
		{6B29C299-9E3F-4E16-AD75-20C0ADA9B18A}.Release|x64.ActiveCfg = Release|x64
		{6B29C299-9E3F-4E16-AD75-20C0ADA9B18A}.Release|x64.Build.0 = Release|x64
		{6B29C299-9E3F-4E16-AD75-20C0ADA9B18A}.Release|x86.ActiveCfg = Release|Win32
		{6B29C299-9E3F-4E16-AD75-20C0ADA9B18A}.Release|x86.Build.0 = Release|Win32
		{80B064F6-5849-41FC-98ED-7B8746A3A35D}.Debug|x64.ActiveCfg = Debug|x64
		{80B064F6-5849-41FC-98ED-7B8746A3A35D}.Debug|x64.Build.0 = Debug|x64
		{80B064F6-5849-41FC-98ED-7B8746A3A35D}.Debug|x86.ActiveCfg = Debug|Win32
		{80B064F6-5849-41FC-98ED-7B8746A3A35D}.Debug|x86.Build.0 = Debug|Win32
		{80B064F6-5849-41FC-98ED-7B8746A3A35D}.Release|x64.ActiveCfg = Release|x64
		{80B064F6-5849-41FC-98ED-7B8746A3A35D}.Release|x64.Build.0 = Release|x64
		{80B064F6-5849-41FC-98ED-7B8746A3A35D}.Release|x86.ActiveCfg = Release|Win32
		{80B064F6-5849-41FC-98ED-7B8746A3A35D}.Release|x86.Build.0 = Release|Win32
	EndGlobalSection
	GlobalSection(SolutionProperties) = preSolution
		HideSolutionNode = FALSE
	EndGlobalSection
	GlobalSection(ExtensibilityGlobals) = postSolution
		SolutionGuid = {86F8DB51-3639-49F6-A2A8-E83FC32032FE}
	EndGlobalSection
EndGlobal
